// !$*UTF8*$!
{
	archiveVersion = 1;
	classes = {
	};
	objectVersion = 77;
	objects = {

/* Begin PBXFileReference section */
		AA0000000000000000000011 /* PlantCompanion.app */ = {isa = PBXFileReference; explicitFileType = wrapper.application; includeInIndex = 0; path = PlantCompanion.app; sourceTree = BUILT_PRODUCTS_DIR; };
		AA0000000000000000000012 /* PlantCompanionTests.xctest */ = {isa = PBXFileReference; explicitFileType = wrapper.cfbundle; includeInIndex = 0; path = PlantCompanionTests.xctest; sourceTree = BUILT_PRODUCTS_DIR; };
/* End PBXFileReference section */

/* Begin PBXFileSystemSynchronizedRootGroup section */
		AA0000000000000000000021 /* PlantCompanion */ = {isa = PBXFileSystemSynchronizedRootGroup; path = PlantCompanion; sourceTree = "<group>"; };
		AA0000000000000000000022 /* PlantCompanionTests */ = {isa = PBXFileSystemSynchronizedRootGroup; path = PlantCompanionTests; sourceTree = "<group>"; };
/* End PBXFileSystemSynchronizedRootGroup section */

/* Begin PBXFrameworksBuildPhase section */
		AA0000000000000000000031 /* Frameworks */ = {
			isa = PBXFrameworksBuildPhase;
			buildActionMask = 2147483647;
			files = (
			);
			runOnlyForDeploymentPostprocessing = 0;
		};
		AA0000000000000000000032 /* Frameworks */ = {
			isa = PBXFrameworksBuildPhase;
			buildActionMask = 2147483647;
			files = (
			);
			runOnlyForDeploymentPostprocessing = 0;
		};
/* End PBXFrameworksBuildPhase section */

/* Begin PBXGroup section */
		AA0000000000000000000041 = {
			isa = PBXGroup;
			children = (
				AA0000000000000000000021 /* PlantCompanion */,
				AA0000000000000000000022 /* PlantCompanionTests */,
				AA0000000000000000000042 /* Products */,
			);
			sourceTree = "<group>";
		};
		AA0000000000000000000042 /* Products */ = {
			isa = PBXGroup;
			children = (
				AA0000000000000000000011 /* PlantCompanion.app */,
				AA0000000000000000000012 /* PlantCompanionTests.xctest */,
			);
			name = Products;
			sourceTree = "<group>";
		};
/* End PBXGroup section */

/* Begin PBXNativeTarget section */
		AA0000000000000000000051 /* PlantCompanion */ = {
			isa = PBXNativeTarget;
			buildConfigurationList = AA0000000000000000000082 /* Build configuration list for PBXNativeTarget "PlantCompanion" */;
			buildPhases = (
				AA0000000000000000000061 /* Sources */,
				AA0000000000000000000031 /* Frameworks */,
				AA0000000000000000000063 /* Resources */,
			);
			buildRules = (
			);
			dependencies = (
			);
			fileSystemSynchronizedGroups = (
				AA0000000000000000000021 /* PlantCompanion */,
			);
			name = PlantCompanion;
			packageProductDependencies = (
			);
			productName = PlantCompanion;
			productReference = AA0000000000000000000011 /* PlantCompanion.app */;
			productType = "com.apple.product-type.application";
		};
		AA0000000000000000000052 /* PlantCompanionTests */ = {
			isa = PBXNativeTarget;
			buildConfigurationList = AA0000000000000000000083 /* Build configuration list for PBXNativeTarget "PlantCompanionTests" */;
			buildPhases = (
				AA0000000000000000000062 /* Sources */,
				AA0000000000000000000032 /* Frameworks */,
				AA0000000000000000000064 /* Resources */,
			);
			buildRules = (
			);
			dependencies = (
				AA0000000000000000000091 /* PBXTargetDependency */,
			);
			fileSystemSynchronizedGroups = (
				AA0000000000000000000022 /* PlantCompanionTests */,
			);
			name = PlantCompanionTests;
			packageProductDependencies = (
			);
			productName = PlantCompanionTests;
			productReference = AA0000000000000000000012 /* PlantCompanionTests.xctest */;
			productType = "com.apple.product-type.bundle.unit-test";
		};
/* End PBXNativeTarget section */

/* Begin PBXProject section */
		AA0000000000000000000071 /* Project object */ = {
			isa = PBXProject;
			attributes = {
				BuildIndependentTargetsInParallel = 1;
				LastSwiftUpdateCheck = 2600;
				LastUpgradeCheck = 2600;
				TargetAttributes = {
					AA0000000000000000000051 = { CreatedOnToolsVersion = 26.0; };
					AA0000000000000000000052 = { CreatedOnToolsVersion = 26.0; TestTargetID = AA0000000000000000000051; };
				};
			};
			buildConfigurationList = AA0000000000000000000081 /* Build configuration list for PBXProject "PlantCompanion" */;
			developmentRegion = en;
			hasScannedForEncodings = 0;
			knownRegions = (
				en,
				Base,
			);
			mainGroup = AA0000000000000000000041;
			minimizedProjectReferenceProxies = 1;
			preferredProjectObjectVersion = 77;
			productRefGroup = AA0000000000000000000042 /* Products */;
			projectDirPath = "";
			projectRoot = "";
			targets = (
				AA0000000000000000000051 /* PlantCompanion */,
				AA0000000000000000000052 /* PlantCompanionTests */,
			);
		};
/* End PBXProject section */

/* Begin PBXResourcesBuildPhase section */
		AA0000000000000000000063 /* Resources */ = {isa = PBXResourcesBuildPhase; buildActionMask = 2147483647; files = (); runOnlyForDeploymentPostprocessing = 0; };
		AA0000000000000000000064 /* Resources */ = {isa = PBXResourcesBuildPhase; buildActionMask = 2147483647; files = (); runOnlyForDeploymentPostprocessing = 0; };
/* End PBXResourcesBuildPhase section */

/* Begin PBXSourcesBuildPhase section */
		AA0000000000000000000061 /* Sources */ = {isa = PBXSourcesBuildPhase; buildActionMask = 2147483647; files = (); runOnlyForDeploymentPostprocessing = 0; };
		AA0000000000000000000062 /* Sources */ = {isa = PBXSourcesBuildPhase; buildActionMask = 2147483647; files = (); runOnlyForDeploymentPostprocessing = 0; };
/* End PBXSourcesBuildPhase section */

/* Begin PBXTargetDependency section */
		AA0000000000000000000091 /* PBXTargetDependency */ = {isa = PBXTargetDependency; target = AA0000000000000000000051 /* PlantCompanion */; targetProxy = AA0000000000000000000092 /* PBXContainerItemProxy */; };
/* End PBXTargetDependency section */

/* Begin PBXContainerItemProxy section */
		AA0000000000000000000092 /* PBXContainerItemProxy */ = {isa = PBXContainerItemProxy; containerPortal = AA0000000000000000000071 /* Project object */; proxyType = 1; remoteGlobalIDString = AA0000000000000000000051; remoteInfo = PlantCompanion; };
/* End PBXContainerItemProxy section */

/* Begin XCBuildConfiguration section */
		AA00000000000000000000A1 /* Debug */ = {isa = XCBuildConfiguration; buildSettings = {CLANG_ENABLE_MODULES = YES; COPY_PHASE_STRIP = NO; DEBUG_INFORMATION_FORMAT = dwarf; ENABLE_TESTABILITY = YES; GCC_C_LANGUAGE_STANDARD = gnu17; GCC_OPTIMIZATION_LEVEL = 0; ONLY_ACTIVE_ARCH = YES; SWIFT_ACTIVE_COMPILATION_CONDITIONS = "DEBUG $(inherited)"; SWIFT_OPTIMIZATION_LEVEL = "-Onone"; }; name = Debug; };
		AA00000000000000000000A2 /* Release */ = {isa = XCBuildConfiguration; buildSettings = {CLANG_ENABLE_MODULES = YES; COPY_PHASE_STRIP = YES; DEBUG_INFORMATION_FORMAT = "dwarf-with-dsym"; GCC_C_LANGUAGE_STANDARD = gnu17; SWIFT_COMPILATION_MODE = wholemodule; VALIDATE_PRODUCT = YES; }; name = Release; };
		AA00000000000000000000B1 /* Debug */ = {isa = XCBuildConfiguration; buildSettings = {
			CODE_SIGN_STYLE = Automatic;
			CURRENT_PROJECT_VERSION = 1;
			DEVELOPMENT_ASSET_PATHS = "";
			ENABLE_APP_SANDBOX = YES;
			ENABLE_HARDENED_RUNTIME = YES;
			ENABLE_OUTGOING_NETWORK_CONNECTIONS = YES;
			GENERATE_INFOPLIST_FILE = YES;
			INFOPLIST_KEY_NSCameraUsageDescription = "Take a plant photo to suggest its species and possible visible health concerns.";
			INFOPLIST_KEY_NSPhotoLibraryUsageDescription = "Choose a plant photo for identification.";
			INFOPLIST_KEY_PLANTNET_PROXY_URL = "$(PLANTNET_PROXY_URL)";
			IPHONEOS_DEPLOYMENT_TARGET = 26.0;
			MACOSX_DEPLOYMENT_TARGET = 26.0;
			MARKETING_VERSION = 0.1.0;
			PRODUCT_BUNDLE_IDENTIFIER = com.example.PlantCompanion;
			PRODUCT_NAME = "$(TARGET_NAME)";
			SDKROOT = auto;
			SUPPORTED_PLATFORMS = "iphoneos iphonesimulator macosx";
			SUPPORTS_MACCATALYST = NO;
			SWIFT_EMIT_LOC_STRINGS = YES;
			SWIFT_STRICT_CONCURRENCY = complete;
			SWIFT_VERSION = 6.0;
			TARGETED_DEVICE_FAMILY = "1,2";
		}; name = Debug; };
		AA00000000000000000000B2 /* Release */ = {isa = XCBuildConfiguration; buildSettings = {
			CODE_SIGN_STYLE = Automatic;
			CURRENT_PROJECT_VERSION = 1;
			ENABLE_APP_SANDBOX = YES;
			ENABLE_HARDENED_RUNTIME = YES;
			ENABLE_OUTGOING_NETWORK_CONNECTIONS = YES;
			GENERATE_INFOPLIST_FILE = YES;
			INFOPLIST_KEY_NSCameraUsageDescription = "Take a plant photo to suggest its species and possible visible health concerns.";
			INFOPLIST_KEY_NSPhotoLibraryUsageDescription = "Choose a plant photo for identification.";
			INFOPLIST_KEY_PLANTNET_PROXY_URL = "$(PLANTNET_PROXY_URL)";
			IPHONEOS_DEPLOYMENT_TARGET = 26.0;
			MACOSX_DEPLOYMENT_TARGET = 26.0;
			MARKETING_VERSION = 0.1.0;
			PRODUCT_BUNDLE_IDENTIFIER = com.example.PlantCompanion;
			PRODUCT_NAME = "$(TARGET_NAME)";
			SDKROOT = auto;
			SUPPORTED_PLATFORMS = "iphoneos iphonesimulator macosx";
			SUPPORTS_MACCATALYST = NO;
			SWIFT_EMIT_LOC_STRINGS = YES;
			SWIFT_STRICT_CONCURRENCY = complete;
			SWIFT_VERSION = 6.0;
			TARGETED_DEVICE_FAMILY = "1,2";
		}; name = Release; };
		AA00000000000000000000C1 /* Debug */ = {isa = XCBuildConfiguration; buildSettings = {
			BUNDLE_LOADER = "$(TEST_HOST)";
			CODE_SIGN_STYLE = Automatic;
			GENERATE_INFOPLIST_FILE = YES;
			IPHONEOS_DEPLOYMENT_TARGET = 26.0;
			MACOSX_DEPLOYMENT_TARGET = 26.0;
			PRODUCT_BUNDLE_IDENTIFIER = com.example.PlantCompanionTests;
			PRODUCT_NAME = "$(TARGET_NAME)";
			SDKROOT = auto;
			SUPPORTED_PLATFORMS = "iphoneos iphonesimulator macosx";
			SWIFT_VERSION = 6.0;
			TARGETED_DEVICE_FAMILY = "1,2";
			TEST_HOST = "$(BUILT_PRODUCTS_DIR)/PlantCompanion.app/$(BUNDLE_EXECUTABLE_FOLDER_PATH)/PlantCompanion";
		}; name = Debug; };
		AA00000000000000000000C2 /* Release */ = {isa = XCBuildConfiguration; buildSettings = {
			BUNDLE_LOADER = "$(TEST_HOST)";
			CODE_SIGN_STYLE = Automatic;
			GENERATE_INFOPLIST_FILE = YES;
			IPHONEOS_DEPLOYMENT_TARGET = 26.0;
			MACOSX_DEPLOYMENT_TARGET = 26.0;
			PRODUCT_BUNDLE_IDENTIFIER = com.example.PlantCompanionTests;
			PRODUCT_NAME = "$(TARGET_NAME)";
			SDKROOT = auto;
			SUPPORTED_PLATFORMS = "iphoneos iphonesimulator macosx";
			SWIFT_VERSION = 6.0;
			TARGETED_DEVICE_FAMILY = "1,2";
			TEST_HOST = "$(BUILT_PRODUCTS_DIR)/PlantCompanion.app/$(BUNDLE_EXECUTABLE_FOLDER_PATH)/PlantCompanion";
		}; name = Release; };
/* End XCBuildConfiguration section */

/* Begin XCConfigurationList section */
		AA0000000000000000000081 /* Build configuration list for PBXProject "PlantCompanion" */ = {isa = XCConfigurationList; buildConfigurations = (AA00000000000000000000A1 /* Debug */, AA00000000000000000000A2 /* Release */); defaultConfigurationIsVisible = 0; defaultConfigurationName = Release; };
		AA0000000000000000000082 /* Build configuration list for PBXNativeTarget "PlantCompanion" */ = {isa = XCConfigurationList; buildConfigurations = (AA00000000000000000000B1 /* Debug */, AA00000000000000000000B2 /* Release */); defaultConfigurationIsVisible = 0; defaultConfigurationName = Release; };
		AA0000000000000000000083 /* Build configuration list for PBXNativeTarget "PlantCompanionTests" */ = {isa = XCConfigurationList; buildConfigurations = (AA00000000000000000000C1 /* Debug */, AA00000000000000000000C2 /* Release */); defaultConfigurationIsVisible = 0; defaultConfigurationName = Release; };
/* End XCConfigurationList section */
	};
	rootObject = AA0000000000000000000071 /* Project object */;
}
